// !$*UTF8*$!
{
	archiveVersion = 1;
	classes = {
	};
	objectVersion = 48;
	objects = {

/* Begin PBXBuildFile section */
		51879C512037218C00D628E9 /* AppDelegate.m in Sources */ = {isa = PBXBuildFile; fileRef = 51879C502037218C00D628E9 /* AppDelegate.m */; };
		51879C542037218C00D628E9 /* ViewController.m in Sources */ = {isa = PBXBuildFile; fileRef = 51879C532037218C00D628E9 /* ViewController.m */; };
		51879C572037218C00D628E9 /* Main.storyboard in Resources */ = {isa = PBXBuildFile; fileRef = 51879C552037218C00D628E9 /* Main.storyboard */; };
		51879C592037218C00D628E9 /* Assets.xcassets in Resources */ = {isa = PBXBuildFile; fileRef = 51879C582037218C00D628E9 /* Assets.xcassets */; };
		51879C5C2037218C00D628E9 /* LaunchScreen.storyboard in Resources */ = {isa = PBXBuildFile; fileRef = 51879C5A2037218C00D628E9 /* LaunchScreen.storyboard */; };
		51879C5F2037218C00D628E9 /* main.m in Sources */ = {isa = PBXBuildFile; fileRef = 51879C5E2037218C00D628E9 /* main.m */; };
		51879C782037220E00D628E9 /* DHFloatButtons.m in Sources */ = {isa = PBXBuildFile; fileRef = 51879C722037220D00D628E9 /* DHFloatButtons.m */; };
		51879C792037220E00D628E9 /* DHFloatButton.xib in Resources */ = {isa = PBXBuildFile; fileRef = 51879C732037220E00D628E9 /* DHFloatButton.xib */; };
		51879C7A2037220E00D628E9 /* DHFloatButtons.xib in Resources */ = {isa = PBXBuildFile; fileRef = 51879C752037220E00D628E9 /* DHFloatButtons.xib */; };
		51879C7B2037220E00D628E9 /* DHFloatButton.m in Sources */ = {isa = PBXBuildFile; fileRef = 51879C772037220E00D628E9 /* DHFloatButton.m */; };
		51879C7E2037221500D628E9 /* DHFloatButtonAppearance.m in Sources */ = {isa = PBXBuildFile; fileRef = 51879C7C2037221500D628E9 /* DHFloatButtonAppearance.m */; };
		51879C812037221E00D628E9 /* UIImage+DHUtils.m in Sources */ = {isa = PBXBuildFile; fileRef = 51879C7F2037221E00D628E9 /* UIImage+DHUtils.m */; };
/* End PBXBuildFile section */

/* Begin PBXFileReference section */
		51879C4C2037218C00D628E9 /* DHFloatButtons.app */ = {isa = PBXFileReference; explicitFileType = wrapper.application; includeInIndex = 0; path = DHFloatButtons.app; sourceTree = BUILT_PRODUCTS_DIR; };
		51879C4F2037218C00D628E9 /* AppDelegate.h */ = {isa = PBXFileReference; lastKnownFileType = sourcecode.c.h; path = AppDelegate.h; sourceTree = "<group>"; };
		51879C502037218C00D628E9 /* AppDelegate.m */ = {isa = PBXFileReference; lastKnownFileType = sourcecode.c.objc; path = AppDelegate.m; sourceTree = "<group>"; };
		51879C522037218C00D628E9 /* ViewController.h */ = {isa = PBXFileReference; lastKnownFileType = sourcecode.c.h; path = ViewController.h; sourceTree = "<group>"; };
		51879C532037218C00D628E9 /* ViewController.m */ = {isa = PBXFileReference; lastKnownFileType = sourcecode.c.objc; path = ViewController.m; sourceTree = "<group>"; };
		51879C562037218C00D628E9 /* Base */ = {isa = PBXFileReference; lastKnownFileType = file.storyboard; name = Base; path = Base.lproj/Main.storyboard; sourceTree = "<group>"; };
		51879C582037218C00D628E9 /* Assets.xcassets */ = {isa = PBXFileReference; lastKnownFileType = folder.assetcatalog; path = Assets.xcassets; sourceTree = "<group>"; };
		51879C5B2037218C00D628E9 /* Base */ = {isa = PBXFileReference; lastKnownFileType = file.storyboard; name = Base; path = Base.lproj/LaunchScreen.storyboard; sourceTree = "<group>"; };
		51879C5D2037218C00D628E9 /* Info.plist */ = {isa = PBXFileReference; lastKnownFileType = text.plist.xml; path = Info.plist; sourceTree = "<group>"; };
		51879C5E2037218C00D628E9 /* main.m */ = {isa = PBXFileReference; lastKnownFileType = sourcecode.c.objc; path = main.m; sourceTree = "<group>"; };
		51879C722037220D00D628E9 /* DHFloatButtons.m */ = {isa = PBXFileReference; fileEncoding = 4; lastKnownFileType = sourcecode.c.objc; path = DHFloatButtons.m; sourceTree = "<group>"; };
		51879C732037220E00D628E9 /* DHFloatButton.xib */ = {isa = PBXFileReference; fileEncoding = 4; lastKnownFileType = file.xib; path = DHFloatButton.xib; sourceTree = "<group>"; };
		51879C742037220E00D628E9 /* DHFloatButtons.h */ = {isa = PBXFileReference; fileEncoding = 4; lastKnownFileType = sourcecode.c.h; path = DHFloatButtons.h; sourceTree = "<group>"; };
		51879C752037220E00D628E9 /* DHFloatButtons.xib */ = {isa = PBXFileReference; fileEncoding = 4; lastKnownFileType = file.xib; path = DHFloatButtons.xib; sourceTree = "<group>"; };
		51879C762037220E00D628E9 /* DHFloatButton.h */ = {isa = PBXFileReference; fileEncoding = 4; lastKnownFileType = sourcecode.c.h; path = DHFloatButton.h; sourceTree = "<group>"; };
		51879C772037220E00D628E9 /* DHFloatButton.m */ = {isa = PBXFileReference; fileEncoding = 4; lastKnownFileType = sourcecode.c.objc; path = DHFloatButton.m; sourceTree = "<group>"; };
		51879C7C2037221500D628E9 /* DHFloatButtonAppearance.m */ = {isa = PBXFileReference; fileEncoding = 4; lastKnownFileType = sourcecode.c.objc; path = DHFloatButtonAppearance.m; sourceTree = "<group>"; };
		51879C7D2037221500D628E9 /* DHFloatButtonAppearance.h */ = {isa = PBXFileReference; fileEncoding = 4; lastKnownFileType = sourcecode.c.h; path = DHFloatButtonAppearance.h; sourceTree = "<group>"; };
		51879C7F2037221E00D628E9 /* UIImage+DHUtils.m */ = {isa = PBXFileReference; fileEncoding = 4; lastKnownFileType = sourcecode.c.objc; path = "UIImage+DHUtils.m"; sourceTree = "<group>"; };
		51879C802037221E00D628E9 /* UIImage+DHUtils.h */ = {isa = PBXFileReference; fileEncoding = 4; lastKnownFileType = sourcecode.c.h; path = "UIImage+DHUtils.h"; sourceTree = "<group>"; };
/* End PBXFileReference section */

/* Begin PBXFrameworksBuildPhase section */
		51879C492037218C00D628E9 /* Frameworks */ = {
			isa = PBXFrameworksBuildPhase;
			buildActionMask = 2147483647;
			files = (
			);
			runOnlyForDeploymentPostprocessing = 0;
		};
/* End PBXFrameworksBuildPhase section */

/* Begin PBXGroup section */
		51879C432037218C00D628E9 = {
			isa = PBXGroup;
			children = (
				51879C65203721A600D628E9 /* Classes */,
				51879C4E2037218C00D628E9 /* DHFloatButtons */,
				51879C4D2037218C00D628E9 /* Products */,
			);
			sourceTree = "<group>";
		};
		51879C4D2037218C00D628E9 /* Products */ = {
			isa = PBXGroup;
			children = (
				51879C4C2037218C00D628E9 /* DHFloatButtons.app */,
			);
			name = Products;
			sourceTree = "<group>";
		};
		51879C4E2037218C00D628E9 /* DHFloatButtons */ = {
			isa = PBXGroup;
			children = (
				51879C4F2037218C00D628E9 /* AppDelegate.h */,
				51879C502037218C00D628E9 /* AppDelegate.m */,
				51879C522037218C00D628E9 /* ViewController.h */,
				51879C532037218C00D628E9 /* ViewController.m */,
				51879C552037218C00D628E9 /* Main.storyboard */,
				51879C582037218C00D628E9 /* Assets.xcassets */,
				51879C5A2037218C00D628E9 /* LaunchScreen.storyboard */,
				51879C5D2037218C00D628E9 /* Info.plist */,
				51879C5E2037218C00D628E9 /* main.m */,
			);
			path = DHFloatButtons;
			sourceTree = "<group>";
		};
		51879C65203721A600D628E9 /* Classes */ = {
			isa = PBXGroup;
			children = (
				51879C842037225100D628E9 /* Category */,
				51879C832037224400D628E9 /* Button */,
				51879C822037223300D628E9 /* Appearance */,
				51879C742037220E00D628E9 /* DHFloatButtons.h */,
				51879C722037220D00D628E9 /* DHFloatButtons.m */,
				51879C752037220E00D628E9 /* DHFloatButtons.xib */,
			);
			path = Classes;
			sourceTree = "<group>";
		};
		51879C822037223300D628E9 /* Appearance */ = {
			isa = PBXGroup;
			children = (
				51879C7D2037221500D628E9 /* DHFloatButtonAppearance.h */,
				51879C7C2037221500D628E9 /* DHFloatButtonAppearance.m */,
			);
			path = Appearance;
			sourceTree = "<group>";
		};
		51879C832037224400D628E9 /* Button */ = {
			isa = PBXGroup;
			children = (
				51879C762037220E00D628E9 /* DHFloatButton.h */,
				51879C772037220E00D628E9 /* DHFloatButton.m */,
				51879C732037220E00D628E9 /* DHFloatButton.xib */,
			);
			path = Button;
			sourceTree = "<group>";
		};
		51879C842037225100D628E9 /* Category */ = {
			isa = PBXGroup;
			children = (
				51879C802037221E00D628E9 /* UIImage+DHUtils.h */,
				51879C7F2037221E00D628E9 /* UIImage+DHUtils.m */,
			);
			path = Category;
			sourceTree = "<group>";
		};
/* End PBXGroup section */

/* Begin PBXNativeTarget section */
		51879C4B2037218C00D628E9 /* DHFloatButtons */ = {
			isa = PBXNativeTarget;
			buildConfigurationList = 51879C622037218C00D628E9 /* Build configuration list for PBXNativeTarget "DHFloatButtons" */;
			buildPhases = (
				51879C482037218C00D628E9 /* Sources */,
				51879C492037218C00D628E9 /* Frameworks */,
				51879C4A2037218C00D628E9 /* Resources */,
			);
			buildRules = (
			);
			dependencies = (
			);
			name = DHFloatButtons;
			productName = DHFloatButtons;
			productReference = 51879C4C2037218C00D628E9 /* DHFloatButtons.app */;
			productType = "com.apple.product-type.application";
		};
/* End PBXNativeTarget section */

/* Begin PBXProject section */
		51879C442037218C00D628E9 /* Project object */ = {
			isa = PBXProject;
			attributes = {
				LastUpgradeCheck = 0920;
				ORGANIZATIONNAME = 8bitDog;
				TargetAttributes = {
					51879C4B2037218C00D628E9 = {
						CreatedOnToolsVersion = 9.2;
						ProvisioningStyle = Automatic;
					};
				};
			};
			buildConfigurationList = 51879C472037218C00D628E9 /* Build configuration list for PBXProject "DHFloatButtons" */;
			compatibilityVersion = "Xcode 8.0";
			developmentRegion = en;
			hasScannedForEncodings = 0;
			knownRegions = (
				en,
				Base,
			);
			mainGroup = 51879C432037218C00D628E9;
			productRefGroup = 51879C4D2037218C00D628E9 /* Products */;
			projectDirPath = "";
			projectRoot = "";
			targets = (
				51879C4B2037218C00D628E9 /* DHFloatButtons */,
			);
		};
/* End PBXProject section */

/* Begin PBXResourcesBuildPhase section */
		51879C4A2037218C00D628E9 /* Resources */ = {
			isa = PBXResourcesBuildPhase;
			buildActionMask = 2147483647;
			files = (
				51879C792037220E00D628E9 /* DHFloatButton.xib in Resources */,
				51879C5C2037218C00D628E9 /* LaunchScreen.storyboard in Resources */,
				51879C592037218C00D628E9 /* Assets.xcassets in Resources */,
				51879C572037218C00D628E9 /* Main.storyboard in Resources */,
				51879C7A2037220E00D628E9 /* DHFloatButtons.xib in Resources */,
			);
			runOnlyForDeploymentPostprocessing = 0;
		};
/* End PBXResourcesBuildPhase section */

/* Begin PBXSourcesBuildPhase section */
		51879C482037218C00D628E9 /* Sources */ = {
			isa = PBXSourcesBuildPhase;
			buildActionMask = 2147483647;
			files = (
				51879C812037221E00D628E9 /* UIImage+DHUtils.m in Sources */,
				51879C7B2037220E00D628E9 /* DHFloatButton.m in Sources */,
				51879C782037220E00D628E9 /* DHFloatButtons.m in Sources */,
				51879C7E2037221500D628E9 /* DHFloatButtonAppearance.m in Sources */,
				51879C542037218C00D628E9 /* ViewController.m in Sources */,
				51879C5F2037218C00D628E9 /* main.m in Sources */,
				51879C512037218C00D628E9 /* AppDelegate.m in Sources */,
			);
			runOnlyForDeploymentPostprocessing = 0;
		};
/* End PBXSourcesBuildPhase section */

/* Begin PBXVariantGroup section */
		51879C552037218C00D628E9 /* Main.storyboard */ = {
			isa = PBXVariantGroup;
			children = (
				51879C562037218C00D628E9 /* Base */,
			);
			name = Main.storyboard;
			sourceTree = "<group>";
		};
		51879C5A2037218C00D628E9 /* LaunchScreen.storyboard */ = {
			isa = PBXVariantGroup;
			children = (
				51879C5B2037218C00D628E9 /* Base */,
			);
			name = LaunchScreen.storyboard;
			sourceTree = "<group>";
		};
/* End PBXVariantGroup section */

/* Begin XCBuildConfiguration section */
		51879C602037218C00D628E9 /* Debug */ = {
			isa = XCBuildConfiguration;
			buildSettings = {
				ALWAYS_SEARCH_USER_PATHS = NO;
				CLANG_ANALYZER_NONNULL = YES;
				CLANG_ANALYZER_NUMBER_OBJECT_CONVERSION = YES_AGGRESSIVE;
				CLANG_CXX_LANGUAGE_STANDARD = "gnu++14";
				CLANG_CXX_LIBRARY = "libc++";
				CLANG_ENABLE_MODULES = YES;
				CLANG_ENABLE_OBJC_ARC = YES;
				CLANG_WARN_BLOCK_CAPTURE_AUTORELEASING = YES;
				CLANG_WARN_BOOL_CONVERSION = YES;
				CLANG_WARN_COMMA = YES;
				CLANG_WARN_CONSTANT_CONVERSION = YES;
				CLANG_WARN_DIRECT_OBJC_ISA_USAGE = YES_ERROR;
				CLANG_WARN_DOCUMENTATION_COMMENTS = YES;
				CLANG_WARN_EMPTY_BODY = YES;
				CLANG_WARN_ENUM_CONVERSION = YES;
				CLANG_WARN_INFINITE_RECURSION = YES;
				CLANG_WARN_INT_CONVERSION = YES;
				CLANG_WARN_NON_LITERAL_NULL_CONVERSION = YES;
				CLANG_WARN_OBJC_LITERAL_CONVERSION = YES;
				CLANG_WARN_OBJC_ROOT_CLASS = YES_ERROR;
				CLANG_WARN_RANGE_LOOP_ANALYSIS = YES;
				CLANG_WARN_STRICT_PROTOTYPES = YES;
				CLANG_WARN_SUSPICIOUS_MOVE = YES;
				CLANG_WARN_UNGUARDED_AVAILABILITY = YES_AGGRESSIVE;
				CLANG_WARN_UNREACHABLE_CODE = YES;
				CLANG_WARN__DUPLICATE_METHOD_MATCH = YES;
				CODE_SIGN_IDENTITY = "iPhone Developer";
				COPY_PHASE_STRIP = NO;
				DEBUG_INFORMATION_FORMAT = dwarf;
				ENABLE_STRICT_OBJC_MSGSEND = YES;
				ENABLE_TESTABILITY = YES;
				GCC_C_LANGUAGE_STANDARD = gnu11;
				GCC_DYNAMIC_NO_PIC = NO;
				GCC_NO_COMMON_BLOCKS = YES;
				GCC_OPTIMIZATION_LEVEL = 0;
				GCC_PREPROCESSOR_DEFINITIONS = (
					"DEBUG=1",
					"$(inherited)",
				);
				GCC_WARN_64_TO_32_BIT_CONVERSION = YES;
				GCC_WARN_ABOUT_RETURN_TYPE = YES_ERROR;
				GCC_WARN_UNDECLARED_SELECTOR = YES;
				GCC_WARN_UNINITIALIZED_AUTOS = YES_AGGRESSIVE;
				GCC_WARN_UNUSED_FUNCTION = YES;
				GCC_WARN_UNUSED_VARIABLE = YES;
				IPHONEOS_DEPLOYMENT_TARGET = 11.2;
				MTL_ENABLE_DEBUG_INFO = YES;
				ONLY_ACTIVE_ARCH = YES;
				SDKROOT = iphoneos;
			};
			name = Debug;
		};
		51879C612037218C00D628E9 /* Release */ = {
			isa = XCBuildConfiguration;
			buildSettings = {
				ALWAYS_SEARCH_USER_PATHS = NO;
				CLANG_ANALYZER_NONNULL = YES;
				CLANG_ANALYZER_NUMBER_OBJECT_CONVERSION = YES_AGGRESSIVE;
				CLANG_CXX_LANGUAGE_STANDARD = "gnu++14";
				CLANG_CXX_LIBRARY = "libc++";
				CLANG_ENABLE_MODULES = YES;
				CLANG_ENABLE_OBJC_ARC = YES;
				CLANG_WARN_BLOCK_CAPTURE_AUTORELEASING = YES;
				CLANG_WARN_BOOL_CONVERSION = YES;
				CLANG_WARN_COMMA = YES;
				CLANG_WARN_CONSTANT_CONVERSION = YES;
				CLANG_WARN_DIRECT_OBJC_ISA_USAGE = YES_ERROR;
				CLANG_WARN_DOCUMENTATION_COMMENTS = YES;
				CLANG_WARN_EMPTY_BODY = YES;
				CLANG_WARN_ENUM_CONVERSION = YES;
				CLANG_WARN_INFINITE_RECURSION = YES;
				CLANG_WARN_INT_CONVERSION = YES;
				CLANG_WARN_NON_LITERAL_NULL_CONVERSION = YES;
				CLANG_WARN_OBJC_LITERAL_CONVERSION = YES;
				CLANG_WARN_OBJC_ROOT_CLASS = YES_ERROR;
				CLANG_WARN_RANGE_LOOP_ANALYSIS = YES;
				CLANG_WARN_STRICT_PROTOTYPES = YES;
				CLANG_WARN_SUSPICIOUS_MOVE = YES;
				CLANG_WARN_UNGUARDED_AVAILABILITY = YES_AGGRESSIVE;
				CLANG_WARN_UNREACHABLE_CODE = YES;
				CLANG_WARN__DUPLICATE_METHOD_MATCH = YES;
				CODE_SIGN_IDENTITY = "iPhone Developer";
				COPY_PHASE_STRIP = NO;
				DEBUG_INFORMATION_FORMAT = "dwarf-with-dsym";
				ENABLE_NS_ASSERTIONS = NO;
				ENABLE_STRICT_OBJC_MSGSEND = YES;
				GCC_C_LANGUAGE_STANDARD = gnu11;
				GCC_NO_COMMON_BLOCKS = YES;
				GCC_WARN_64_TO_32_BIT_CONVERSION = YES;
				GCC_WARN_ABOUT_RETURN_TYPE = YES_ERROR;
				GCC_WARN_UNDECLARED_SELECTOR = YES;
				GCC_WARN_UNINITIALIZED_AUTOS = YES_AGGRESSIVE;
				GCC_WARN_UNUSED_FUNCTION = YES;
				GCC_WARN_UNUSED_VARIABLE = YES;
				IPHONEOS_DEPLOYMENT_TARGET = 11.2;
				MTL_ENABLE_DEBUG_INFO = NO;
				SDKROOT = iphoneos;
				VALIDATE_PRODUCT = YES;
			};
			name = Release;
		};
		51879C632037218C00D628E9 /* Debug */ = {
			isa = XCBuildConfiguration;
			buildSettings = {
				ASSETCATALOG_COMPILER_APPICON_NAME = AppIcon;
				CODE_SIGN_STYLE = Automatic;
				DEVELOPMENT_TEAM = 4HNE8R34PT;
				INFOPLIST_FILE = DHFloatButtons/Info.plist;
				LD_RUNPATH_SEARCH_PATHS = "$(inherited) @executable_path/Frameworks";
				PRODUCT_BUNDLE_IDENTIFIER = "com.sales-i.DHFloatButtons";
				PRODUCT_NAME = "$(TARGET_NAME)";
				TARGETED_DEVICE_FAMILY = "1,2";
			};
			name = Debug;
		};
		51879C642037218C00D628E9 /* Release */ = {
			isa = XCBuildConfiguration;
			buildSettings = {
				ASSETCATALOG_COMPILER_APPICON_NAME = AppIcon;
				CODE_SIGN_STYLE = Automatic;
				DEVELOPMENT_TEAM = 4HNE8R34PT;
				INFOPLIST_FILE = DHFloatButtons/Info.plist;
				LD_RUNPATH_SEARCH_PATHS = "$(inherited) @executable_path/Frameworks";
				PRODUCT_BUNDLE_IDENTIFIER = "com.sales-i.DHFloatButtons";
				PRODUCT_NAME = "$(TARGET_NAME)";
				TARGETED_DEVICE_FAMILY = "1,2";
			};
			name = Release;
		};
/* End XCBuildConfiguration section */

/* Begin XCConfigurationList section */
		51879C472037218C00D628E9 /* Build configuration list for PBXProject "DHFloatButtons" */ = {
			isa = XCConfigurationList;
			buildConfigurations = (
				51879C602037218C00D628E9 /* Debug */,
				51879C612037218C00D628E9 /* Release */,
			);
			defaultConfigurationIsVisible = 0;
			defaultConfigurationName = Release;
		};
		51879C622037218C00D628E9 /* Build configuration list for PBXNativeTarget "DHFloatButtons" */ = {
			isa = XCConfigurationList;
			buildConfigurations = (
				51879C632037218C00D628E9 /* Debug */,
				51879C642037218C00D628E9 /* Release */,
			);
			defaultConfigurationIsVisible = 0;
			defaultConfigurationName = Release;
		};
/* End XCConfigurationList section */
	};
	rootObject = 51879C442037218C00D628E9 /* Project object */;
}
